// !$*UTF8*$!
{
	archiveVersion = 1;
	classes = {
	};
	objectVersion = 56;
	objects = {

/* Begin PBXBuildFile section */
		B209A2162A088D420071BD1F /* ToDoListApp.swift in Sources */ = {isa = PBXBuildFile; fileRef = B209A2152A088D420071BD1F /* ToDoListApp.swift */; };
		B209A2182A088D420071BD1F /* MainView.swift in Sources */ = {isa = PBXBuildFile; fileRef = B209A2172A088D420071BD1F /* MainView.swift */; };
		B209A21A2A088D430071BD1F /* Assets.xcassets in Resources */ = {isa = PBXBuildFile; fileRef = B209A2192A088D430071BD1F /* Assets.xcassets */; };
		B209A21D2A088D430071BD1F /* Preview Assets.xcassets in Resources */ = {isa = PBXBuildFile; fileRef = B209A21C2A088D430071BD1F /* Preview Assets.xcassets */; };
		B209A2252A0897540071BD1F /* FirebaseAuth in Frameworks */ = {isa = PBXBuildFile; productRef = B209A2242A0897540071BD1F /* FirebaseAuth */; };
		B209A2272A0897540071BD1F /* FirebaseFirestore in Frameworks */ = {isa = PBXBuildFile; productRef = B209A2262A0897540071BD1F /* FirebaseFirestore */; };
		B209A2292A0897540071BD1F /* FirebaseFirestoreSwift in Frameworks */ = {isa = PBXBuildFile; productRef = B209A2282A0897540071BD1F /* FirebaseFirestoreSwift */; };
		B209A22B2A0899C70071BD1F /* GoogleService-Info.plist in Resources */ = {isa = PBXBuildFile; fileRef = B209A22A2A0899C70071BD1F /* GoogleService-Info.plist */; };
		B209A2312A089FFD0071BD1F /* ProfileView.swift in Sources */ = {isa = PBXBuildFile; fileRef = B209A2302A089FFD0071BD1F /* ProfileView.swift */; };
		B209A2332A08A0270071BD1F /* ToDoListView.swift in Sources */ = {isa = PBXBuildFile; fileRef = B209A2322A08A0270071BD1F /* ToDoListView.swift */; };
		B209A2352A08A04A0071BD1F /* NewItemView.swift in Sources */ = {isa = PBXBuildFile; fileRef = B209A2342A08A04A0071BD1F /* NewItemView.swift */; };
		B209A2372A08A05E0071BD1F /* LoginView.swift in Sources */ = {isa = PBXBuildFile; fileRef = B209A2362A08A05E0071BD1F /* LoginView.swift */; };
		B209A2392A08A5020071BD1F /* RegisterView.swift in Sources */ = {isa = PBXBuildFile; fileRef = B209A2382A08A5020071BD1F /* RegisterView.swift */; };
		B209A23B2A08A5200071BD1F /* ToDoItemView.swift in Sources */ = {isa = PBXBuildFile; fileRef = B209A23A2A08A5200071BD1F /* ToDoItemView.swift */; };
		B209A23D2A08A5740071BD1F /* User.swift in Sources */ = {isa = PBXBuildFile; fileRef = B209A23C2A08A5740071BD1F /* User.swift */; };
		B209A23F2A08A5820071BD1F /* ToDoListItem.swift in Sources */ = {isa = PBXBuildFile; fileRef = B209A23E2A08A5820071BD1F /* ToDoListItem.swift */; };
		B209A2412A08A5CF0071BD1F /* MainViewViewModel.swift in Sources */ = {isa = PBXBuildFile; fileRef = B209A2402A08A5CF0071BD1F /* MainViewViewModel.swift */; };
		B209A2432A08A5DC0071BD1F /* ProfileViewViewModel.swift in Sources */ = {isa = PBXBuildFile; fileRef = B209A2422A08A5DC0071BD1F /* ProfileViewViewModel.swift */; };
		B209A2452A08A5EA0071BD1F /* ToDoListViewViewModel.swift in Sources */ = {isa = PBXBuildFile; fileRef = B209A2442A08A5EA0071BD1F /* ToDoListViewViewModel.swift */; };
		B209A2472A08A5FD0071BD1F /* NewItemViewViewModel.swift in Sources */ = {isa = PBXBuildFile; fileRef = B209A2462A08A5FD0071BD1F /* NewItemViewViewModel.swift */; };
		B209A2492A08A60B0071BD1F /* LoginViewViewModel.swift in Sources */ = {isa = PBXBuildFile; fileRef = B209A2482A08A60B0071BD1F /* LoginViewViewModel.swift */; };
		B209A24B2A08A6190071BD1F /* RegisterViewViewModel.swift in Sources */ = {isa = PBXBuildFile; fileRef = B209A24A2A08A6190071BD1F /* RegisterViewViewModel.swift */; };
		B209A24D2A08A6280071BD1F /* ToDoItemViewViewModel.swift in Sources */ = {isa = PBXBuildFile; fileRef = B209A24C2A08A6280071BD1F /* ToDoItemViewViewModel.swift */; };
		B2AAC4752A19455300F448BC /* HeaderView.swift in Sources */ = {isa = PBXBuildFile; fileRef = B2AAC4742A19455300F448BC /* HeaderView.swift */; };
/* End PBXBuildFile section */

/* Begin PBXFileReference section */
		B209A2122A088D420071BD1F /* ToDoList.app */ = {isa = PBXFileReference; explicitFileType = wrapper.application; includeInIndex = 0; path = ToDoList.app; sourceTree = BUILT_PRODUCTS_DIR; };
		B209A2152A088D420071BD1F /* ToDoListApp.swift */ = {isa = PBXFileReference; lastKnownFileType = sourcecode.swift; path = ToDoListApp.swift; sourceTree = "<group>"; };
		B209A2172A088D420071BD1F /* MainView.swift */ = {isa = PBXFileReference; lastKnownFileType = sourcecode.swift; path = MainView.swift; sourceTree = "<group>"; };
		B209A2192A088D430071BD1F /* Assets.xcassets */ = {isa = PBXFileReference; lastKnownFileType = folder.assetcatalog; path = Assets.xcassets; sourceTree = "<group>"; };
		B209A21C2A088D430071BD1F /* Preview Assets.xcassets */ = {isa = PBXFileReference; lastKnownFileType = folder.assetcatalog; path = "Preview Assets.xcassets"; sourceTree = "<group>"; };
		B209A22A2A0899C70071BD1F /* GoogleService-Info.plist */ = {isa = PBXFileReference; fileEncoding = 4; lastKnownFileType = text.plist.xml; path = "GoogleService-Info.plist"; sourceTree = "<group>"; };
		B209A2302A089FFD0071BD1F /* ProfileView.swift */ = {isa = PBXFileReference; lastKnownFileType = sourcecode.swift; path = ProfileView.swift; sourceTree = "<group>"; };
		B209A2322A08A0270071BD1F /* ToDoListView.swift */ = {isa = PBXFileReference; lastKnownFileType = sourcecode.swift; path = ToDoListView.swift; sourceTree = "<group>"; };
		B209A2342A08A04A0071BD1F /* NewItemView.swift */ = {isa = PBXFileReference; lastKnownFileType = sourcecode.swift; path = NewItemView.swift; sourceTree = "<group>"; };
		B209A2362A08A05E0071BD1F /* LoginView.swift */ = {isa = PBXFileReference; lastKnownFileType = sourcecode.swift; path = LoginView.swift; sourceTree = "<group>"; };
		B209A2382A08A5020071BD1F /* RegisterView.swift */ = {isa = PBXFileReference; lastKnownFileType = sourcecode.swift; path = RegisterView.swift; sourceTree = "<group>"; };
		B209A23A2A08A5200071BD1F /* ToDoItemView.swift */ = {isa = PBXFileReference; lastKnownFileType = sourcecode.swift; path = ToDoItemView.swift; sourceTree = "<group>"; };
		B209A23C2A08A5740071BD1F /* User.swift */ = {isa = PBXFileReference; lastKnownFileType = sourcecode.swift; path = User.swift; sourceTree = "<group>"; };
		B209A23E2A08A5820071BD1F /* ToDoListItem.swift */ = {isa = PBXFileReference; lastKnownFileType = sourcecode.swift; path = ToDoListItem.swift; sourceTree = "<group>"; };
		B209A2402A08A5CF0071BD1F /* MainViewViewModel.swift */ = {isa = PBXFileReference; lastKnownFileType = sourcecode.swift; path = MainViewViewModel.swift; sourceTree = "<group>"; };
		B209A2422A08A5DC0071BD1F /* ProfileViewViewModel.swift */ = {isa = PBXFileReference; lastKnownFileType = sourcecode.swift; path = ProfileViewViewModel.swift; sourceTree = "<group>"; };
		B209A2442A08A5EA0071BD1F /* ToDoListViewViewModel.swift */ = {isa = PBXFileReference; lastKnownFileType = sourcecode.swift; path = ToDoListViewViewModel.swift; sourceTree = "<group>"; };
		B209A2462A08A5FD0071BD1F /* NewItemViewViewModel.swift */ = {isa = PBXFileReference; lastKnownFileType = sourcecode.swift; path = NewItemViewViewModel.swift; sourceTree = "<group>"; };
		B209A2482A08A60B0071BD1F /* LoginViewViewModel.swift */ = {isa = PBXFileReference; lastKnownFileType = sourcecode.swift; path = LoginViewViewModel.swift; sourceTree = "<group>"; };
		B209A24A2A08A6190071BD1F /* RegisterViewViewModel.swift */ = {isa = PBXFileReference; lastKnownFileType = sourcecode.swift; path = RegisterViewViewModel.swift; sourceTree = "<group>"; };
		B209A24C2A08A6280071BD1F /* ToDoItemViewViewModel.swift */ = {isa = PBXFileReference; lastKnownFileType = sourcecode.swift; path = ToDoItemViewViewModel.swift; sourceTree = "<group>"; };
		B2AAC4742A19455300F448BC /* HeaderView.swift */ = {isa = PBXFileReference; lastKnownFileType = sourcecode.swift; path = HeaderView.swift; sourceTree = "<group>"; };
/* End PBXFileReference section */

/* Begin PBXFrameworksBuildPhase section */
		B209A20F2A088D420071BD1F /* Frameworks */ = {
			isa = PBXFrameworksBuildPhase;
			buildActionMask = 2147483647;
			files = (
				B209A2252A0897540071BD1F /* FirebaseAuth in Frameworks */,
				B209A2272A0897540071BD1F /* FirebaseFirestore in Frameworks */,
				B209A2292A0897540071BD1F /* FirebaseFirestoreSwift in Frameworks */,
			);
			runOnlyForDeploymentPostprocessing = 0;
		};
/* End PBXFrameworksBuildPhase section */

/* Begin PBXGroup section */
		B209A2092A088D420071BD1F = {
			isa = PBXGroup;
			children = (
				B209A2142A088D420071BD1F /* ToDoList */,
				B209A2132A088D420071BD1F /* Products */,
			);
			sourceTree = "<group>";
		};
		B209A2132A088D420071BD1F /* Products */ = {
			isa = PBXGroup;
			children = (
				B209A2122A088D420071BD1F /* ToDoList.app */,
			);
			name = Products;
			sourceTree = "<group>";
		};
		B209A2142A088D420071BD1F /* ToDoList */ = {
			isa = PBXGroup;
			children = (
				B209A22F2A089DC00071BD1F /* Other */,
				B209A22E2A089DB10071BD1F /* Models */,
				B209A22D2A089D960071BD1F /* ViewModels */,
				B209A22C2A089D860071BD1F /* Views */,
				B209A21B2A088D430071BD1F /* Preview Content */,
			);
			path = ToDoList;
			sourceTree = "<group>";
		};
		B209A21B2A088D430071BD1F /* Preview Content */ = {
			isa = PBXGroup;
			children = (
				B209A21C2A088D430071BD1F /* Preview Assets.xcassets */,
			);
			path = "Preview Content";
			sourceTree = "<group>";
		};
		B209A22C2A089D860071BD1F /* Views */ = {
			isa = PBXGroup;
			children = (
				B209A2172A088D420071BD1F /* MainView.swift */,
				B209A2302A089FFD0071BD1F /* ProfileView.swift */,
				B209A2322A08A0270071BD1F /* ToDoListView.swift */,
				B209A2342A08A04A0071BD1F /* NewItemView.swift */,
				B209A2362A08A05E0071BD1F /* LoginView.swift */,
				B209A2382A08A5020071BD1F /* RegisterView.swift */,
				B209A23A2A08A5200071BD1F /* ToDoItemView.swift */,
				B2AAC4742A19455300F448BC /* HeaderView.swift */,
			);
			path = Views;
			sourceTree = "<group>";
		};
		B209A22D2A089D960071BD1F /* ViewModels */ = {
			isa = PBXGroup;
			children = (
				B209A2402A08A5CF0071BD1F /* MainViewViewModel.swift */,
				B209A2422A08A5DC0071BD1F /* ProfileViewViewModel.swift */,
				B209A2442A08A5EA0071BD1F /* ToDoListViewViewModel.swift */,
				B209A2462A08A5FD0071BD1F /* NewItemViewViewModel.swift */,
				B209A2482A08A60B0071BD1F /* LoginViewViewModel.swift */,
				B209A24A2A08A6190071BD1F /* RegisterViewViewModel.swift */,
				B209A24C2A08A6280071BD1F /* ToDoItemViewViewModel.swift */,
			);
			path = ViewModels;
			sourceTree = "<group>";
		};
		B209A22E2A089DB10071BD1F /* Models */ = {
			isa = PBXGroup;
			children = (
				B209A23C2A08A5740071BD1F /* User.swift */,
				B209A23E2A08A5820071BD1F /* ToDoListItem.swift */,
			);
			path = Models;
			sourceTree = "<group>";
		};
		B209A22F2A089DC00071BD1F /* Other */ = {
			isa = PBXGroup;
			children = (
				B209A2192A088D430071BD1F /* Assets.xcassets */,
				B209A22A2A0899C70071BD1F /* GoogleService-Info.plist */,
				B209A2152A088D420071BD1F /* ToDoListApp.swift */,
			);
			path = Other;
			sourceTree = "<group>";
		};
/* End PBXGroup section */

/* Begin PBXNativeTarget section */
		B209A2112A088D420071BD1F /* ToDoList */ = {
			isa = PBXNativeTarget;
			buildConfigurationList = B209A2202A088D430071BD1F /* Build configuration list for PBXNativeTarget "ToDoList" */;
			buildPhases = (
				B209A20E2A088D420071BD1F /* Sources */,
				B209A20F2A088D420071BD1F /* Frameworks */,
				B209A2102A088D420071BD1F /* Resources */,
			);
			buildRules = (
			);
			dependencies = (
			);
			name = ToDoList;
			packageProductDependencies = (
				B209A2242A0897540071BD1F /* FirebaseAuth */,
				B209A2262A0897540071BD1F /* FirebaseFirestore */,
				B209A2282A0897540071BD1F /* FirebaseFirestoreSwift */,
			);
			productName = ToDoList;
			productReference = B209A2122A088D420071BD1F /* ToDoList.app */;
			productType = "com.apple.product-type.application";
		};
/* End PBXNativeTarget section */

/* Begin PBXProject section */
		B209A20A2A088D420071BD1F /* Project object */ = {
			isa = PBXProject;
			attributes = {
				BuildIndependentTargetsInParallel = 1;
				LastSwiftUpdateCheck = 1430;
				LastUpgradeCheck = 1430;
				TargetAttributes = {
					B209A2112A088D420071BD1F = {
						CreatedOnToolsVersion = 14.3;
					};
				};
			};
			buildConfigurationList = B209A20D2A088D420071BD1F /* Build configuration list for PBXProject "ToDoList" */;
			compatibilityVersion = "Xcode 14.0";
			developmentRegion = en;
			hasScannedForEncodings = 0;
			knownRegions = (
				en,
				Base,
			);
			mainGroup = B209A2092A088D420071BD1F;
			packageReferences = (
				B209A2232A0897540071BD1F /* XCRemoteSwiftPackageReference "firebase-ios-sdk" */,
			);
			productRefGroup = B209A2132A088D420071BD1F /* Products */;
			projectDirPath = "";
			projectRoot = "";
			targets = (
				B209A2112A088D420071BD1F /* ToDoList */,
			);
		};
/* End PBXProject section */

/* Begin PBXResourcesBuildPhase section */
		B209A2102A088D420071BD1F /* Resources */ = {
			isa = PBXResourcesBuildPhase;
			buildActionMask = 2147483647;
			files = (
				B209A21D2A088D430071BD1F /* Preview Assets.xcassets in Resources */,
				B209A21A2A088D430071BD1F /* Assets.xcassets in Resources */,
				B209A22B2A0899C70071BD1F /* GoogleService-Info.plist in Resources */,
			);
			runOnlyForDeploymentPostprocessing = 0;
		};
/* End PBXResourcesBuildPhase section */

/* Begin PBXSourcesBuildPhase section */
		B209A20E2A088D420071BD1F /* Sources */ = {
			isa = PBXSourcesBuildPhase;
			buildActionMask = 2147483647;
			files = (
				B209A2372A08A05E0071BD1F /* LoginView.swift in Sources */,
				B2AAC4752A19455300F448BC /* HeaderView.swift in Sources */,
				B209A2182A088D420071BD1F /* MainView.swift in Sources */,
				B209A24D2A08A6280071BD1F /* ToDoItemViewViewModel.swift in Sources */,
				B209A24B2A08A6190071BD1F /* RegisterViewViewModel.swift in Sources */,
				B209A2412A08A5CF0071BD1F /* MainViewViewModel.swift in Sources */,
				B209A2332A08A0270071BD1F /* ToDoListView.swift in Sources */,
				B209A2392A08A5020071BD1F /* RegisterView.swift in Sources */,
				B209A2432A08A5DC0071BD1F /* ProfileViewViewModel.swift in Sources */,
				B209A2312A089FFD0071BD1F /* ProfileView.swift in Sources */,
				B209A23D2A08A5740071BD1F /* User.swift in Sources */,
				B209A23B2A08A5200071BD1F /* ToDoItemView.swift in Sources */,
				B209A2452A08A5EA0071BD1F /* ToDoListViewViewModel.swift in Sources */,
				B209A2492A08A60B0071BD1F /* LoginViewViewModel.swift in Sources */,
				B209A2162A088D420071BD1F /* ToDoListApp.swift in Sources */,
				B209A23F2A08A5820071BD1F /* ToDoListItem.swift in Sources */,
				B209A2352A08A04A0071BD1F /* NewItemView.swift in Sources */,
				B209A2472A08A5FD0071BD1F /* NewItemViewViewModel.swift in Sources */,
			);
			runOnlyForDeploymentPostprocessing = 0;
		};
/* End PBXSourcesBuildPhase section */

/* Begin XCBuildConfiguration section */
		B209A21E2A088D430071BD1F /* Debug */ = {
			isa = XCBuildConfiguration;
			buildSettings = {
				ALWAYS_SEARCH_USER_PATHS = NO;
				CLANG_ANALYZER_NONNULL = YES;
				CLANG_ANALYZER_NUMBER_OBJECT_CONVERSION = YES_AGGRESSIVE;
				CLANG_CXX_LANGUAGE_STANDARD = "gnu++20";
				CLANG_ENABLE_MODULES = YES;
				CLANG_ENABLE_OBJC_ARC = YES;
				CLANG_ENABLE_OBJC_WEAK = YES;
				CLANG_WARN_BLOCK_CAPTURE_AUTORELEASING = YES;
				CLANG_WARN_BOOL_CONVERSION = YES;
				CLANG_WARN_COMMA = YES;
				CLANG_WARN_CONSTANT_CONVERSION = YES;
				CLANG_WARN_DEPRECATED_OBJC_IMPLEMENTATIONS = YES;
				CLANG_WARN_DIRECT_OBJC_ISA_USAGE = YES_ERROR;
				CLANG_WARN_DOCUMENTATION_COMMENTS = YES;
				CLANG_WARN_EMPTY_BODY = YES;
				CLANG_WARN_ENUM_CONVERSION = YES;
				CLANG_WARN_INFINITE_RECURSION = YES;
				CLANG_WARN_INT_CONVERSION = YES;
				CLANG_WARN_NON_LITERAL_NULL_CONVERSION = YES;
				CLANG_WARN_OBJC_IMPLICIT_RETAIN_SELF = YES;
				CLANG_WARN_OBJC_LITERAL_CONVERSION = YES;
				CLANG_WARN_OBJC_ROOT_CLASS = YES_ERROR;
				CLANG_WARN_QUOTED_INCLUDE_IN_FRAMEWORK_HEADER = YES;
				CLANG_WARN_RANGE_LOOP_ANALYSIS = YES;
				CLANG_WARN_STRICT_PROTOTYPES = YES;
				CLANG_WARN_SUSPICIOUS_MOVE = YES;
				CLANG_WARN_UNGUARDED_AVAILABILITY = YES_AGGRESSIVE;
				CLANG_WARN_UNREACHABLE_CODE = YES;
				CLANG_WARN__DUPLICATE_METHOD_MATCH = YES;
				COPY_PHASE_STRIP = NO;
				DEBUG_INFORMATION_FORMAT = dwarf;
				ENABLE_STRICT_OBJC_MSGSEND = YES;
				ENABLE_TESTABILITY = YES;
				GCC_C_LANGUAGE_STANDARD = gnu11;
				GCC_DYNAMIC_NO_PIC = NO;
				GCC_NO_COMMON_BLOCKS = YES;
				GCC_OPTIMIZATION_LEVEL = 0;
				GCC_PREPROCESSOR_DEFINITIONS = (
					"DEBUG=1",
					"$(inherited)",
				);
				GCC_WARN_64_TO_32_BIT_CONVERSION = YES;
				GCC_WARN_ABOUT_RETURN_TYPE = YES_ERROR;
				GCC_WARN_UNDECLARED_SELECTOR = YES;
				GCC_WARN_UNINITIALIZED_AUTOS = YES_AGGRESSIVE;
				GCC_WARN_UNUSED_FUNCTION = YES;
				GCC_WARN_UNUSED_VARIABLE = YES;
				IPHONEOS_DEPLOYMENT_TARGET = 16.4;
				MTL_ENABLE_DEBUG_INFO = INCLUDE_SOURCE;
				MTL_FAST_MATH = YES;
				ONLY_ACTIVE_ARCH = YES;
				SDKROOT = iphoneos;
				SWIFT_ACTIVE_COMPILATION_CONDITIONS = DEBUG;
				SWIFT_OPTIMIZATION_LEVEL = "-Onone";
			};
			name = Debug;
		};
		B209A21F2A088D430071BD1F /* Release */ = {
			isa = XCBuildConfiguration;
			buildSettings = {
				ALWAYS_SEARCH_USER_PATHS = NO;
				CLANG_ANALYZER_NONNULL = YES;
				CLANG_ANALYZER_NUMBER_OBJECT_CONVERSION = YES_AGGRESSIVE;
				CLANG_CXX_LANGUAGE_STANDARD = "gnu++20";
				CLANG_ENABLE_MODULES = YES;
				CLANG_ENABLE_OBJC_ARC = YES;
				CLANG_ENABLE_OBJC_WEAK = YES;
				CLANG_WARN_BLOCK_CAPTURE_AUTORELEASING = YES;
				CLANG_WARN_BOOL_CONVERSION = YES;
				CLANG_WARN_COMMA = YES;
				CLANG_WARN_CONSTANT_CONVERSION = YES;
				CLANG_WARN_DEPRECATED_OBJC_IMPLEMENTATIONS = YES;
				CLANG_WARN_DIRECT_OBJC_ISA_USAGE = YES_ERROR;
				CLANG_WARN_DOCUMENTATION_COMMENTS = YES;
				CLANG_WARN_EMPTY_BODY = YES;
				CLANG_WARN_ENUM_CONVERSION = YES;
				CLANG_WARN_INFINITE_RECURSION = YES;
				CLANG_WARN_INT_CONVERSION = YES;
				CLANG_WARN_NON_LITERAL_NULL_CONVERSION = YES;
				CLANG_WARN_OBJC_IMPLICIT_RETAIN_SELF = YES;
				CLANG_WARN_OBJC_LITERAL_CONVERSION = YES;
				CLANG_WARN_OBJC_ROOT_CLASS = YES_ERROR;
				CLANG_WARN_QUOTED_INCLUDE_IN_FRAMEWORK_HEADER = YES;
				CLANG_WARN_RANGE_LOOP_ANALYSIS = YES;
				CLANG_WARN_STRICT_PROTOTYPES = YES;
				CLANG_WARN_SUSPICIOUS_MOVE = YES;
				CLANG_WARN_UNGUARDED_AVAILABILITY = YES_AGGRESSIVE;
				CLANG_WARN_UNREACHABLE_CODE = YES;
				CLANG_WARN__DUPLICATE_METHOD_MATCH = YES;
				COPY_PHASE_STRIP = NO;
				DEBUG_INFORMATION_FORMAT = "dwarf-with-dsym";
				ENABLE_NS_ASSERTIONS = NO;
				ENABLE_STRICT_OBJC_MSGSEND = YES;
				GCC_C_LANGUAGE_STANDARD = gnu11;
				GCC_NO_COMMON_BLOCKS = YES;
				GCC_WARN_64_TO_32_BIT_CONVERSION = YES;
				GCC_WARN_ABOUT_RETURN_TYPE = YES_ERROR;
				GCC_WARN_UNDECLARED_SELECTOR = YES;
				GCC_WARN_UNINITIALIZED_AUTOS = YES_AGGRESSIVE;
				GCC_WARN_UNUSED_FUNCTION = YES;
				GCC_WARN_UNUSED_VARIABLE = YES;
				IPHONEOS_DEPLOYMENT_TARGET = 16.4;
				MTL_ENABLE_DEBUG_INFO = NO;
				MTL_FAST_MATH = YES;
				SDKROOT = iphoneos;
				SWIFT_COMPILATION_MODE = wholemodule;
				SWIFT_OPTIMIZATION_LEVEL = "-O";
				VALIDATE_PRODUCT = YES;
			};
			name = Release;
		};
		B209A2212A088D430071BD1F /* Debug */ = {
			isa = XCBuildConfiguration;
			buildSettings = {
				ASSETCATALOG_COMPILER_APPICON_NAME = AppIcon;
				ASSETCATALOG_COMPILER_GLOBAL_ACCENT_COLOR_NAME = AccentColor;
				CODE_SIGN_STYLE = Automatic;
				CURRENT_PROJECT_VERSION = 1;
				DEVELOPMENT_ASSET_PATHS = "\"ToDoList/Preview Content\"";
				DEVELOPMENT_TEAM = EQPGN86LQ2;
				ENABLE_PREVIEWS = YES;
				GENERATE_INFOPLIST_FILE = YES;
				INFOPLIST_KEY_CFBundleDisplayName = "To Do List";
				INFOPLIST_KEY_LSApplicationCategoryType = "public.app-category.productivity";
				INFOPLIST_KEY_UIApplicationSceneManifest_Generation = YES;
				INFOPLIST_KEY_UIApplicationSupportsIndirectInputEvents = YES;
				INFOPLIST_KEY_UILaunchScreen_Generation = YES;
				INFOPLIST_KEY_UISupportedInterfaceOrientations = UIInterfaceOrientationPortrait;
				LD_RUNPATH_SEARCH_PATHS = (
					"$(inherited)",
					"@executable_path/Frameworks",
				);
				MARKETING_VERSION = 1.0;
				PRODUCT_BUNDLE_IDENTIFIER = com.curso.ios.ToDoList;
				PRODUCT_NAME = "$(TARGET_NAME)";
				SUPPORTED_PLATFORMS = "iphoneos iphonesimulator";
				SUPPORTS_MACCATALYST = NO;
				SUPPORTS_MAC_DESIGNED_FOR_IPHONE_IPAD = NO;
				SWIFT_EMIT_LOC_STRINGS = YES;
				SWIFT_VERSION = 5.0;
				TARGETED_DEVICE_FAMILY = "1,2";
			};
			name = Debug;
		};
		B209A2222A088D430071BD1F /* Release */ = {
			isa = XCBuildConfiguration;
			buildSettings = {
				ASSETCATALOG_COMPILER_APPICON_NAME = AppIcon;
				ASSETCATALOG_COMPILER_GLOBAL_ACCENT_COLOR_NAME = AccentColor;
				CODE_SIGN_STYLE = Automatic;
				CURRENT_PROJECT_VERSION = 1;
				DEVELOPMENT_ASSET_PATHS = "\"ToDoList/Preview Content\"";
				DEVELOPMENT_TEAM = EQPGN86LQ2;
				ENABLE_PREVIEWS = YES;
				GENERATE_INFOPLIST_FILE = YES;
				INFOPLIST_KEY_CFBundleDisplayName = "To Do List";
				INFOPLIST_KEY_LSApplicationCategoryType = "public.app-category.productivity";
				INFOPLIST_KEY_UIApplicationSceneManifest_Generation = YES;
				INFOPLIST_KEY_UIApplicationSupportsIndirectInputEvents = YES;
				INFOPLIST_KEY_UILaunchScreen_Generation = YES;
				INFOPLIST_KEY_UISupportedInterfaceOrientations = UIInterfaceOrientationPortrait;
				LD_RUNPATH_SEARCH_PATHS = (
					"$(inherited)",
					"@executable_path/Frameworks",
				);
				MARKETING_VERSION = 1.0;
				PRODUCT_BUNDLE_IDENTIFIER = com.curso.ios.ToDoList;
				PRODUCT_NAME = "$(TARGET_NAME)";
				SUPPORTED_PLATFORMS = "iphoneos iphonesimulator";
				SUPPORTS_MACCATALYST = NO;
				SUPPORTS_MAC_DESIGNED_FOR_IPHONE_IPAD = NO;
				SWIFT_EMIT_LOC_STRINGS = YES;
				SWIFT_VERSION = 5.0;
				TARGETED_DEVICE_FAMILY = "1,2";
			};
			name = Release;
		};
/* End XCBuildConfiguration section */

/* Begin XCConfigurationList section */
		B209A20D2A088D420071BD1F /* Build configuration list for PBXProject "ToDoList" */ = {
			isa = XCConfigurationList;
			buildConfigurations = (
				B209A21E2A088D430071BD1F /* Debug */,
				B209A21F2A088D430071BD1F /* Release */,
			);
			defaultConfigurationIsVisible = 0;
			defaultConfigurationName = Release;
		};
		B209A2202A088D430071BD1F /* Build configuration list for PBXNativeTarget "ToDoList" */ = {
			isa = XCConfigurationList;
			buildConfigurations = (
				B209A2212A088D430071BD1F /* Debug */,
				B209A2222A088D430071BD1F /* Release */,
			);
			defaultConfigurationIsVisible = 0;
			defaultConfigurationName = Release;
		};
/* End XCConfigurationList section */

/* Begin XCRemoteSwiftPackageReference section */
		B209A2232A0897540071BD1F /* XCRemoteSwiftPackageReference "firebase-ios-sdk" */ = {
			isa = XCRemoteSwiftPackageReference;
			repositoryURL = "https://github.com/firebase/firebase-ios-sdk";
			requirement = {
				kind = upToNextMajorVersion;
				minimumVersion = 10.0.0;
			};
		};
/* End XCRemoteSwiftPackageReference section */

/* Begin XCSwiftPackageProductDependency section */
		B209A2242A0897540071BD1F /* FirebaseAuth */ = {
			isa = XCSwiftPackageProductDependency;
			package = B209A2232A0897540071BD1F /* XCRemoteSwiftPackageReference "firebase-ios-sdk" */;
			productName = FirebaseAuth;
		};
		B209A2262A0897540071BD1F /* FirebaseFirestore */ = {
			isa = XCSwiftPackageProductDependency;
			package = B209A2232A0897540071BD1F /* XCRemoteSwiftPackageReference "firebase-ios-sdk" */;
			productName = FirebaseFirestore;
		};
		B209A2282A0897540071BD1F /* FirebaseFirestoreSwift */ = {
			isa = XCSwiftPackageProductDependency;
			package = B209A2232A0897540071BD1F /* XCRemoteSwiftPackageReference "firebase-ios-sdk" */;
			productName = FirebaseFirestoreSwift;
		};
/* End XCSwiftPackageProductDependency section */
	};
	rootObject = B209A20A2A088D420071BD1F /* Project object */;
}
